
Microsoft Visual Studio Solution File, Format Version 12.00
# Visual Studio Version 17
VisualStudioVersion = 17.11.35312.102
MinimumVisualStudioVersion = 10.0.40219.1
Project("{9A19103F-16F7-4668-BE54-9A1E7A4F7556}") = "Authentication", "Authentication.csproj", "{1D9C7D93-0C54-4C5B-8B83-31EB09FF4FD9}"
EndProject
Project("{9A19103F-16F7-4668-BE54-9A1E7A4F7556}") = "CinemaGo", "..\CinemaGo\CinemaGo.csproj", "{BA2429DE-3A8E-4B19-901A-3EC7B7C9C702}"
EndProject
Project("{9A19103F-16F7-4668-BE54-9A1E7A4F7556}") = "API Gateway", "..\API Gateway\API Gateway.csproj", "{742DB756-12C7-4A2F-B962-052FFCC5F9CA}"
EndProject
Project("{9A19103F-16F7-4668-BE54-9A1E7A4F7556}") = "Movies", "..\Movies\Movies.csproj", "{36E01BDE-E942-4821-9EC1-DC2133E4A218}"
EndProject
Global
	GlobalSection(SolutionConfigurationPlatforms) = preSolution
		Debug|Any CPU = Debug|Any CPU
		Release|Any CPU = Release|Any CPU
	EndGlobalSection
	GlobalSection(ProjectConfigurationPlatforms) = postSolution
		{1D9C7D93-0C54-4C5B-8B83-31EB09FF4FD9}.Debug|Any CPU.ActiveCfg = Debug|Any CPU
		{1D9C7D93-0C54-4C5B-8B83-31EB09FF4FD9}.Debug|Any CPU.Build.0 = Debug|Any CPU
		{1D9C7D93-0C54-4C5B-8B83-31EB09FF4FD9}.Release|Any CPU.ActiveCfg = Release|Any CPU
		{1D9C7D93-0C54-4C5B-8B83-31EB09FF4FD9}.Release|Any CPU.Build.0 = Release|Any CPU
		{BA2429DE-3A8E-4B19-901A-3EC7B7C9C702}.Debug|Any CPU.ActiveCfg = Debug|Any CPU
		{BA2429DE-3A8E-4B19-901A-3EC7B7C9C702}.Debug|Any CPU.Build.0 = Debug|Any CPU
		{BA2429DE-3A8E-4B19-901A-3EC7B7C9C702}.Release|Any CPU.ActiveCfg = Release|Any CPU
		{BA2429DE-3A8E-4B19-901A-3EC7B7C9C702}.Release|Any CPU.Build.0 = Release|Any CPU
		{742DB756-12C7-4A2F-B962-052FFCC5F9CA}.Debug|Any CPU.ActiveCfg = Debug|Any CPU
		{742DB756-12C7-4A2F-B962-052FFCC5F9CA}.Debug|Any CPU.Build.0 = Debug|Any CPU
		{742DB756-12C7-4A2F-B962-052FFCC5F9CA}.Release|Any CPU.ActiveCfg = Release|Any CPU
		{742DB756-12C7-4A2F-B962-052FFCC5F9CA}.Release|Any CPU.Build.0 = Release|Any CPU
		{36E01BDE-E942-4821-9EC1-DC2133E4A218}.Debug|Any CPU.ActiveCfg = Debug|Any CPU
		{36E01BDE-E942-4821-9EC1-DC2133E4A218}.Debug|Any CPU.Build.0 = Debug|Any CPU
		{36E01BDE-E942-4821-9EC1-DC2133E4A218}.Release|Any CPU.ActiveCfg = Release|Any CPU
		{36E01BDE-E942-4821-9EC1-DC2133E4A218}.Release|Any CPU.Build.0 = Release|Any CPU
	EndGlobalSection
	GlobalSection(SolutionProperties) = preSolution
		HideSolutionNode = FALSE
	EndGlobalSection
	GlobalSection(ExtensibilityGlobals) = postSolution
		SolutionGuid = {8826FCE3-C3A2-47D8-8C77-742EB0D6A7ED}
	EndGlobalSection
EndGlobal
